{
  "nodes": {
    "anyrun": {
      "inputs": {
        "flake-parts": "flake-parts",
        "nixpkgs": [
          "nixpkgs"
        ]
      },
      "locked": {
        "lastModified": 1701453400,
        "narHash": "sha256-hI9+KBShsSfvWX7bmRa/1VI20WGat3lDXmbceMZzMS4=",
        "owner": "Kirottu",
        "repo": "anyrun",
        "rev": "e14da6c37337ffa3ee1bc66965d58ef64c1590e5",
        "type": "github"
      },
      "original": {
        "owner": "Kirottu",
        "repo": "anyrun",
        "type": "github"
      }
    },
    "flake-parts": {
      "inputs": {
        "nixpkgs-lib": [
          "anyrun",
          "nixpkgs"
        ]
      },
      "locked": {
        "lastModified": 1696343447,
        "narHash": "sha256-B2xAZKLkkeRFG5XcHHSXXcP7To9Xzr59KXeZiRf4vdQ=",
        "owner": "hercules-ci",
        "repo": "flake-parts",
        "rev": "c9afaba3dfa4085dbd2ccb38dfade5141e33d9d4",
        "type": "github"
      },
      "original": {
        "owner": "hercules-ci",
        "repo": "flake-parts",
        "type": "github"
      }
    },
    "home-manager": {
      "inputs": {
        "nixpkgs": [
          "nixpkgs"
        ]
      },
      "locked": {
        "lastModified": 1704498488,
        "narHash": "sha256-yINKdShHrtjdiJhov+q0s3Y3B830ujRoSbHduUNyKag=",
        "owner": "nix-community",
        "repo": "home-manager",
        "rev": "51e44a13acea71b36245e8bd8c7db53e0a3e61ee",
        "type": "github"
      },
      "original": {
        "owner": "nix-community",
        "repo": "home-manager",
        "type": "github"
      }
    },
    "impermanence": {
      "locked": {
        "lastModified": 1703656108,
        "narHash": "sha256-hCSUqdFJKHHbER8Cenf5JRzjMlBjIdwdftGQsO0xoJs=",
        "owner": "nix-community",
        "repo": "impermanence",
        "rev": "033643a45a4a920660ef91caa391fbffb14da466",
        "type": "github"
      },
      "original": {
        "owner": "nix-community",
        "repo": "impermanence",
        "type": "github"
      }
    },
    "nixos-hardware": {
      "locked": {
        "lastModified": 1704458188,
        "narHash": "sha256-f6BYEuIqnbrs6J/9m1/1VdkJ6d63hO9kUC09kTPuOqE=",
        "owner": "NixOS",
        "repo": "nixos-hardware",
        "rev": "172385318068519900a7d71c1024242fa6af75f0",
        "type": "github"
      },
      "original": {
        "owner": "NixOS",
        "ref": "master",
        "repo": "nixos-hardware",
        "type": "github"
      }
    },
    "nixpkgs": {
      "locked": {
        "lastModified": 1704626572,
        "narHash": "sha256-VwRTEKzK4wSSv64G+g3RLF3t6yBHrhR2VK3kZ5UWisU=",
        "owner": "NixOS",
        "repo": "nixpkgs",
        "rev": "24fe8bb4f552ad3926274d29e083b79d84707da6",
        "type": "github"
      },
      "original": {
        "owner": "NixOS",
        "ref": "nixpkgs-unstable",
        "repo": "nixpkgs",
        "type": "github"
      }
    },
    "nur": {
      "locked": {
        "lastModified": 1704609320,
        "narHash": "sha256-JOrDeb31bb7oHaPMj3s/B8nPpnD9IgD8fDWtrgdq5fY=",
        "owner": "nix-community",
        "repo": "NUR",
        "rev": "7502a8334877f63564a30b9f5be89d7208a006d4",
        "type": "github"
      },
      "original": {
        "owner": "nix-community",
        "repo": "NUR",
        "type": "github"
      }
    },
    "root": {
      "inputs": {
        "anyrun": "anyrun",
        "home-manager": "home-manager",
        "impermanence": "impermanence",
        "nixos-hardware": "nixos-hardware",
        "nixpkgs": "nixpkgs",
        "nur": "nur"
      }
    }
  },
  "root": "root",
  "version": 7
}
